
Microsoft Visual Studio Solution File, Format Version 12.00
# Visual Studio 15
VisualStudioVersion = 15.0.28307.168
MinimumVisualStudioVersion = 10.0.40219.1
Project("{FAE04EC0-301F-11D3-BF4B-00C04F79EFBC}") = "FinancialAPI", "FinancialAPI\FinancialAPI.csproj", "{AEBBFBC8-8F1E-4900-8F03-7FA7380B36E9}"
EndProject
Global
	GlobalSection(SolutionConfigurationPlatforms) = preSolution
		Debug|Any CPU = Debug|Any CPU
		Release|Any CPU = Release|Any CPU
	EndGlobalSection
	GlobalSection(ProjectConfigurationPlatforms) = postSolution
		{AEBBFBC8-8F1E-4900-8F03-7FA7380B36E9}.Debug|Any CPU.ActiveCfg = Debug|Any CPU
		{AEBBFBC8-8F1E-4900-8F03-7FA7380B36E9}.Debug|Any CPU.Build.0 = Debug|Any CPU
		{AEBBFBC8-8F1E-4900-8F03-7FA7380B36E9}.Release|Any CPU.ActiveCfg = Release|Any CPU
		{AEBBFBC8-8F1E-4900-8F03-7FA7380B36E9}.Release|Any CPU.Build.0 = Release|Any CPU
	EndGlobalSection
	GlobalSection(SolutionProperties) = preSolution
		HideSolutionNode = FALSE
	EndGlobalSection
	GlobalSection(ExtensibilityGlobals) = postSolution
		SolutionGuid = {4DC7F3FF-C2D1-470B-9341-0B667907B457}
	EndGlobalSection
EndGlobal
